// !$*UTF8*$!
{
	archiveVersion = 1;
	classes = {
	};
	objectVersion = 46;
	objects = {

/* Begin PBXBuildFile section */
		932A74451F7D5F6700B07A43 /* AppDelegate.swift in Sources */ = {isa = PBXBuildFile; fileRef = 932A74441F7D5F6700B07A43 /* AppDelegate.swift */; };
		932A74471F7D5F6700B07A43 /* ViewController.swift in Sources */ = {isa = PBXBuildFile; fileRef = 932A74461F7D5F6700B07A43 /* ViewController.swift */; };
		932A744A1F7D5F6700B07A43 /* Main.storyboard in Resources */ = {isa = PBXBuildFile; fileRef = 932A74481F7D5F6700B07A43 /* Main.storyboard */; };
		932A744C1F7D5F6700B07A43 /* Assets.xcassets in Resources */ = {isa = PBXBuildFile; fileRef = 932A744B1F7D5F6700B07A43 /* Assets.xcassets */; };
		932A744F1F7D5F6700B07A43 /* LaunchScreen.storyboard in Resources */ = {isa = PBXBuildFile; fileRef = 932A744D1F7D5F6700B07A43 /* LaunchScreen.storyboard */; };
		932A74571F7D5FA300B07A43 /* ExampleViewController.swift in Sources */ = {isa = PBXBuildFile; fileRef = 932A74561F7D5FA300B07A43 /* ExampleViewController.swift */; };
		932A745E1F7D608500B07A43 /* UIView+Layout.swift in Sources */ = {isa = PBXBuildFile; fileRef = 932A745A1F7D608500B07A43 /* UIView+Layout.swift */; };
		932A745F1F7D608500B07A43 /* UIViewController+Parenting.swift in Sources */ = {isa = PBXBuildFile; fileRef = 932A745B1F7D608500B07A43 /* UIViewController+Parenting.swift */; };
		932A74601F7D608500B07A43 /* UIButton+Setup.swift in Sources */ = {isa = PBXBuildFile; fileRef = 932A745C1F7D608500B07A43 /* UIButton+Setup.swift */; };
		932A74611F7D608500B07A43 /* UIView+Layer.swift in Sources */ = {isa = PBXBuildFile; fileRef = 932A745D1F7D608500B07A43 /* UIView+Layer.swift */; };
		932A74641F7D628600B07A43 /* CalendarPickerViewController.swift in Sources */ = {isa = PBXBuildFile; fileRef = 932A74631F7D628600B07A43 /* CalendarPickerViewController.swift */; };
		932A74661F7D62A300B07A43 /* CalendarPickerView.swift in Sources */ = {isa = PBXBuildFile; fileRef = 932A74651F7D62A300B07A43 /* CalendarPickerView.swift */; };
		932A74681F7D6AB500B07A43 /* Date+Sanity.swift in Sources */ = {isa = PBXBuildFile; fileRef = 932A74671F7D6AB500B07A43 /* Date+Sanity.swift */; };
		932A746A1F7D6DFE00B07A43 /* CalendarDayButton.swift in Sources */ = {isa = PBXBuildFile; fileRef = 932A74691F7D6DFE00B07A43 /* CalendarDayButton.swift */; };
/* End PBXBuildFile section */

/* Begin PBXFileReference section */
		932A74411F7D5F6700B07A43 /* CalendarPicker.app */ = {isa = PBXFileReference; explicitFileType = wrapper.application; includeInIndex = 0; path = CalendarPicker.app; sourceTree = BUILT_PRODUCTS_DIR; };
		932A74441F7D5F6700B07A43 /* AppDelegate.swift */ = {isa = PBXFileReference; lastKnownFileType = sourcecode.swift; path = AppDelegate.swift; sourceTree = "<group>"; };
		932A74461F7D5F6700B07A43 /* ViewController.swift */ = {isa = PBXFileReference; lastKnownFileType = sourcecode.swift; path = ViewController.swift; sourceTree = "<group>"; };
		932A74491F7D5F6700B07A43 /* Base */ = {isa = PBXFileReference; lastKnownFileType = file.storyboard; name = Base; path = Base.lproj/Main.storyboard; sourceTree = "<group>"; };
		932A744B1F7D5F6700B07A43 /* Assets.xcassets */ = {isa = PBXFileReference; lastKnownFileType = folder.assetcatalog; path = Assets.xcassets; sourceTree = "<group>"; };
		932A744E1F7D5F6700B07A43 /* Base */ = {isa = PBXFileReference; lastKnownFileType = file.storyboard; name = Base; path = Base.lproj/LaunchScreen.storyboard; sourceTree = "<group>"; };
		932A74501F7D5F6700B07A43 /* Info.plist */ = {isa = PBXFileReference; lastKnownFileType = text.plist.xml; path = Info.plist; sourceTree = "<group>"; };
		932A74561F7D5FA300B07A43 /* ExampleViewController.swift */ = {isa = PBXFileReference; fileEncoding = 4; lastKnownFileType = sourcecode.swift; path = ExampleViewController.swift; sourceTree = "<group>"; };
		932A745A1F7D608500B07A43 /* UIView+Layout.swift */ = {isa = PBXFileReference; fileEncoding = 4; lastKnownFileType = sourcecode.swift; name = "UIView+Layout.swift"; path = "Library/UIView+Layout.swift"; sourceTree = "<group>"; };
		932A745B1F7D608500B07A43 /* UIViewController+Parenting.swift */ = {isa = PBXFileReference; fileEncoding = 4; lastKnownFileType = sourcecode.swift; name = "UIViewController+Parenting.swift"; path = "Library/UIViewController+Parenting.swift"; sourceTree = "<group>"; };
		932A745C1F7D608500B07A43 /* UIButton+Setup.swift */ = {isa = PBXFileReference; fileEncoding = 4; lastKnownFileType = sourcecode.swift; name = "UIButton+Setup.swift"; path = "Library/UIButton+Setup.swift"; sourceTree = "<group>"; };
		932A745D1F7D608500B07A43 /* UIView+Layer.swift */ = {isa = PBXFileReference; fileEncoding = 4; lastKnownFileType = sourcecode.swift; name = "UIView+Layer.swift"; path = "Library/UIView+Layer.swift"; sourceTree = "<group>"; };
		932A74631F7D628600B07A43 /* CalendarPickerViewController.swift */ = {isa = PBXFileReference; fileEncoding = 4; lastKnownFileType = sourcecode.swift; name = CalendarPickerViewController.swift; path = Code/CalendarPickerViewController.swift; sourceTree = "<group>"; };
		932A74651F7D62A300B07A43 /* CalendarPickerView.swift */ = {isa = PBXFileReference; fileEncoding = 4; lastKnownFileType = sourcecode.swift; name = CalendarPickerView.swift; path = Code/CalendarPickerView.swift; sourceTree = "<group>"; };
		932A74671F7D6AB500B07A43 /* Date+Sanity.swift */ = {isa = PBXFileReference; fileEncoding = 4; lastKnownFileType = sourcecode.swift; name = "Date+Sanity.swift"; path = "Library/Date+Sanity.swift"; sourceTree = "<group>"; };
		932A74691F7D6DFE00B07A43 /* CalendarDayButton.swift */ = {isa = PBXFileReference; fileEncoding = 4; lastKnownFileType = sourcecode.swift; name = CalendarDayButton.swift; path = Code/CalendarDayButton.swift; sourceTree = "<group>"; };
/* End PBXFileReference section */

/* Begin PBXFrameworksBuildPhase section */
		932A743E1F7D5F6700B07A43 /* Frameworks */ = {
			isa = PBXFrameworksBuildPhase;
			buildActionMask = 2147483647;
			files = (
			);
			runOnlyForDeploymentPostprocessing = 0;
		};
/* End PBXFrameworksBuildPhase section */

/* Begin PBXGroup section */
		932A74381F7D5F6700B07A43 = {
			isa = PBXGroup;
			children = (
				932A74431F7D5F6700B07A43 /* CalendarPicker */,
				932A74421F7D5F6700B07A43 /* Products */,
			);
			sourceTree = "<group>";
		};
		932A74421F7D5F6700B07A43 /* Products */ = {
			isa = PBXGroup;
			children = (
				932A74411F7D5F6700B07A43 /* CalendarPicker.app */,
			);
			name = Products;
			sourceTree = "<group>";
		};
		932A74431F7D5F6700B07A43 /* CalendarPicker */ = {
			isa = PBXGroup;
			children = (
				932A74441F7D5F6700B07A43 /* AppDelegate.swift */,
				932A744B1F7D5F6700B07A43 /* Assets.xcassets */,
				932A74591F7D606F00B07A43 /* Code */,
				932A74501F7D5F6700B07A43 /* Info.plist */,
				932A744D1F7D5F6700B07A43 /* LaunchScreen.storyboard */,
				932A74581F7D606700B07A43 /* Library */,
				932A74481F7D5F6700B07A43 /* Main.storyboard */,
				932A74461F7D5F6700B07A43 /* ViewController.swift */,
			);
			path = CalendarPicker;
			sourceTree = "<group>";
		};
		932A74581F7D606700B07A43 /* Library */ = {
			isa = PBXGroup;
			children = (
				932A74671F7D6AB500B07A43 /* Date+Sanity.swift */,
				932A745C1F7D608500B07A43 /* UIButton+Setup.swift */,
				932A745D1F7D608500B07A43 /* UIView+Layer.swift */,
				932A745A1F7D608500B07A43 /* UIView+Layout.swift */,
				932A745B1F7D608500B07A43 /* UIViewController+Parenting.swift */,
			);
			name = Library;
			sourceTree = "<group>";
		};
		932A74591F7D606F00B07A43 /* Code */ = {
			isa = PBXGroup;
			children = (
				932A74621F7D626100B07A43 /* Calendar Picker */,
				932A74561F7D5FA300B07A43 /* ExampleViewController.swift */,
			);
			name = Code;
			sourceTree = "<group>";
		};
		932A74621F7D626100B07A43 /* Calendar Picker */ = {
			isa = PBXGroup;
			children = (
				932A74691F7D6DFE00B07A43 /* CalendarDayButton.swift */,
				932A74651F7D62A300B07A43 /* CalendarPickerView.swift */,
				932A74631F7D628600B07A43 /* CalendarPickerViewController.swift */,
			);
			name = "Calendar Picker";
			sourceTree = "<group>";
		};
/* End PBXGroup section */

/* Begin PBXNativeTarget section */
		932A74401F7D5F6700B07A43 /* CalendarPicker */ = {
			isa = PBXNativeTarget;
			buildConfigurationList = 932A74531F7D5F6700B07A43 /* Build configuration list for PBXNativeTarget "CalendarPicker" */;
			buildPhases = (
				932A743D1F7D5F6700B07A43 /* Sources */,
				932A743E1F7D5F6700B07A43 /* Frameworks */,
				932A743F1F7D5F6700B07A43 /* Resources */,
			);
			buildRules = (
			);
			dependencies = (
			);
			name = CalendarPicker;
			productName = CalendarPicker;
			productReference = 932A74411F7D5F6700B07A43 /* CalendarPicker.app */;
			productType = "com.apple.product-type.application";
		};
/* End PBXNativeTarget section */

/* Begin PBXProject section */
		932A74391F7D5F6700B07A43 /* Project object */ = {
			isa = PBXProject;
			attributes = {
				LastSwiftUpdateCheck = 0830;
				LastUpgradeCheck = 0830;
				ORGANIZATIONNAME = "NYC DoITT";
				TargetAttributes = {
					932A74401F7D5F6700B07A43 = {
						CreatedOnToolsVersion = 8.3.3;
						DevelopmentTeam = E5LW2CH45C;
						ProvisioningStyle = Automatic;
					};
				};
			};
			buildConfigurationList = 932A743C1F7D5F6700B07A43 /* Build configuration list for PBXProject "CalendarPicker" */;
			compatibilityVersion = "Xcode 3.2";
			developmentRegion = English;
			hasScannedForEncodings = 0;
			knownRegions = (
				en,
				Base,
			);
			mainGroup = 932A74381F7D5F6700B07A43;
			productRefGroup = 932A74421F7D5F6700B07A43 /* Products */;
			projectDirPath = "";
			projectRoot = "";
			targets = (
				932A74401F7D5F6700B07A43 /* CalendarPicker */,
			);
		};
/* End PBXProject section */

/* Begin PBXResourcesBuildPhase section */
		932A743F1F7D5F6700B07A43 /* Resources */ = {
			isa = PBXResourcesBuildPhase;
			buildActionMask = 2147483647;
			files = (
				932A744F1F7D5F6700B07A43 /* LaunchScreen.storyboard in Resources */,
				932A744C1F7D5F6700B07A43 /* Assets.xcassets in Resources */,
				932A744A1F7D5F6700B07A43 /* Main.storyboard in Resources */,
			);
			runOnlyForDeploymentPostprocessing = 0;
		};
/* End PBXResourcesBuildPhase section */

/* Begin PBXSourcesBuildPhase section */
		932A743D1F7D5F6700B07A43 /* Sources */ = {
			isa = PBXSourcesBuildPhase;
			buildActionMask = 2147483647;
			files = (
				932A745E1F7D608500B07A43 /* UIView+Layout.swift in Sources */,
				932A74681F7D6AB500B07A43 /* Date+Sanity.swift in Sources */,
				932A74471F7D5F6700B07A43 /* ViewController.swift in Sources */,
				932A74451F7D5F6700B07A43 /* AppDelegate.swift in Sources */,
				932A74661F7D62A300B07A43 /* CalendarPickerView.swift in Sources */,
				932A74601F7D608500B07A43 /* UIButton+Setup.swift in Sources */,
				932A74641F7D628600B07A43 /* CalendarPickerViewController.swift in Sources */,
				932A745F1F7D608500B07A43 /* UIViewController+Parenting.swift in Sources */,
				932A74571F7D5FA300B07A43 /* ExampleViewController.swift in Sources */,
				932A74611F7D608500B07A43 /* UIView+Layer.swift in Sources */,
				932A746A1F7D6DFE00B07A43 /* CalendarDayButton.swift in Sources */,
			);
			runOnlyForDeploymentPostprocessing = 0;
		};
/* End PBXSourcesBuildPhase section */

/* Begin PBXVariantGroup section */
		932A74481F7D5F6700B07A43 /* Main.storyboard */ = {
			isa = PBXVariantGroup;
			children = (
				932A74491F7D5F6700B07A43 /* Base */,
			);
			name = Main.storyboard;
			sourceTree = "<group>";
		};
		932A744D1F7D5F6700B07A43 /* LaunchScreen.storyboard */ = {
			isa = PBXVariantGroup;
			children = (
				932A744E1F7D5F6700B07A43 /* Base */,
			);
			name = LaunchScreen.storyboard;
			sourceTree = "<group>";
		};
/* End PBXVariantGroup section */

/* Begin XCBuildConfiguration section */
		932A74511F7D5F6700B07A43 /* Debug */ = {
			isa = XCBuildConfiguration;
			buildSettings = {
				ALWAYS_SEARCH_USER_PATHS = NO;
				CLANG_ANALYZER_NONNULL = YES;
				CLANG_ANALYZER_NUMBER_OBJECT_CONVERSION = YES_AGGRESSIVE;
				CLANG_CXX_LANGUAGE_STANDARD = "gnu++0x";
				CLANG_CXX_LIBRARY = "libc++";
				CLANG_ENABLE_MODULES = YES;
				CLANG_ENABLE_OBJC_ARC = YES;
				CLANG_WARN_BOOL_CONVERSION = YES;
				CLANG_WARN_CONSTANT_CONVERSION = YES;
				CLANG_WARN_DIRECT_OBJC_ISA_USAGE = YES_ERROR;
				CLANG_WARN_DOCUMENTATION_COMMENTS = YES;
				CLANG_WARN_EMPTY_BODY = YES;
				CLANG_WARN_ENUM_CONVERSION = YES;
				CLANG_WARN_INFINITE_RECURSION = YES;
				CLANG_WARN_INT_CONVERSION = YES;
				CLANG_WARN_OBJC_ROOT_CLASS = YES_ERROR;
				CLANG_WARN_SUSPICIOUS_MOVE = YES;
				CLANG_WARN_UNREACHABLE_CODE = YES;
				CLANG_WARN__DUPLICATE_METHOD_MATCH = YES;
				"CODE_SIGN_IDENTITY[sdk=iphoneos*]" = "iPhone Developer";
				COPY_PHASE_STRIP = NO;
				DEBUG_INFORMATION_FORMAT = dwarf;
				ENABLE_STRICT_OBJC_MSGSEND = YES;
				ENABLE_TESTABILITY = YES;
				GCC_C_LANGUAGE_STANDARD = gnu99;
				GCC_DYNAMIC_NO_PIC = NO;
				GCC_NO_COMMON_BLOCKS = YES;
				GCC_OPTIMIZATION_LEVEL = 0;
				GCC_PREPROCESSOR_DEFINITIONS = (
					"DEBUG=1",
					"$(inherited)",
				);
				GCC_WARN_64_TO_32_BIT_CONVERSION = YES;
				GCC_WARN_ABOUT_RETURN_TYPE = YES_ERROR;
				GCC_WARN_UNDECLARED_SELECTOR = YES;
				GCC_WARN_UNINITIALIZED_AUTOS = YES_AGGRESSIVE;
				GCC_WARN_UNUSED_FUNCTION = YES;
				GCC_WARN_UNUSED_VARIABLE = YES;
				IPHONEOS_DEPLOYMENT_TARGET = 10.3;
				MTL_ENABLE_DEBUG_INFO = YES;
				ONLY_ACTIVE_ARCH = YES;
				SDKROOT = iphoneos;
				SWIFT_ACTIVE_COMPILATION_CONDITIONS = DEBUG;
				SWIFT_OPTIMIZATION_LEVEL = "-Onone";
				TARGETED_DEVICE_FAMILY = "1,2";
			};
			name = Debug;
		};
		932A74521F7D5F6700B07A43 /* Release */ = {
			isa = XCBuildConfiguration;
			buildSettings = {
				ALWAYS_SEARCH_USER_PATHS = NO;
				CLANG_ANALYZER_NONNULL = YES;
				CLANG_ANALYZER_NUMBER_OBJECT_CONVERSION = YES_AGGRESSIVE;
				CLANG_CXX_LANGUAGE_STANDARD = "gnu++0x";
				CLANG_CXX_LIBRARY = "libc++";
				CLANG_ENABLE_MODULES = YES;
				CLANG_ENABLE_OBJC_ARC = YES;
				CLANG_WARN_BOOL_CONVERSION = YES;
				CLANG_WARN_CONSTANT_CONVERSION = YES;
				CLANG_WARN_DIRECT_OBJC_ISA_USAGE = YES_ERROR;
				CLANG_WARN_DOCUMENTATION_COMMENTS = YES;
				CLANG_WARN_EMPTY_BODY = YES;
				CLANG_WARN_ENUM_CONVERSION = YES;
				CLANG_WARN_INFINITE_RECURSION = YES;
				CLANG_WARN_INT_CONVERSION = YES;
				CLANG_WARN_OBJC_ROOT_CLASS = YES_ERROR;
				CLANG_WARN_SUSPICIOUS_MOVE = YES;
				CLANG_WARN_UNREACHABLE_CODE = YES;
				CLANG_WARN__DUPLICATE_METHOD_MATCH = YES;
				"CODE_SIGN_IDENTITY[sdk=iphoneos*]" = "iPhone Developer";
				COPY_PHASE_STRIP = NO;
				DEBUG_INFORMATION_FORMAT = "dwarf-with-dsym";
				ENABLE_NS_ASSERTIONS = NO;
				ENABLE_STRICT_OBJC_MSGSEND = YES;
				GCC_C_LANGUAGE_STANDARD = gnu99;
				GCC_NO_COMMON_BLOCKS = YES;
				GCC_WARN_64_TO_32_BIT_CONVERSION = YES;
				GCC_WARN_ABOUT_RETURN_TYPE = YES_ERROR;
				GCC_WARN_UNDECLARED_SELECTOR = YES;
				GCC_WARN_UNINITIALIZED_AUTOS = YES_AGGRESSIVE;
				GCC_WARN_UNUSED_FUNCTION = YES;
				GCC_WARN_UNUSED_VARIABLE = YES;
				IPHONEOS_DEPLOYMENT_TARGET = 10.3;
				MTL_ENABLE_DEBUG_INFO = NO;
				SDKROOT = iphoneos;
				SWIFT_OPTIMIZATION_LEVEL = "-Owholemodule";
				TARGETED_DEVICE_FAMILY = "1,2";
				VALIDATE_PRODUCT = YES;
			};
			name = Release;
		};
		932A74541F7D5F6700B07A43 /* Debug */ = {
			isa = XCBuildConfiguration;
			buildSettings = {
				ASSETCATALOG_COMPILER_APPICON_NAME = AppIcon;
				DEVELOPMENT_TEAM = E5LW2CH45C;
				INFOPLIST_FILE = CalendarPicker/Info.plist;
				LD_RUNPATH_SEARCH_PATHS = "$(inherited) @executable_path/Frameworks";
				PRODUCT_BUNDLE_IDENTIFIER = gov.nyc.doitt.CalendarPicker;
				PRODUCT_NAME = "$(TARGET_NAME)";
				SWIFT_VERSION = 3.0;
			};
			name = Debug;
		};
		932A74551F7D5F6700B07A43 /* Release */ = {
			isa = XCBuildConfiguration;
			buildSettings = {
				ASSETCATALOG_COMPILER_APPICON_NAME = AppIcon;
				DEVELOPMENT_TEAM = E5LW2CH45C;
				INFOPLIST_FILE = CalendarPicker/Info.plist;
				LD_RUNPATH_SEARCH_PATHS = "$(inherited) @executable_path/Frameworks";
				PRODUCT_BUNDLE_IDENTIFIER = gov.nyc.doitt.CalendarPicker;
				PRODUCT_NAME = "$(TARGET_NAME)";
				SWIFT_VERSION = 3.0;
			};
			name = Release;
		};
/* End XCBuildConfiguration section */

/* Begin XCConfigurationList section */
		932A743C1F7D5F6700B07A43 /* Build configuration list for PBXProject "CalendarPicker" */ = {
			isa = XCConfigurationList;
			buildConfigurations = (
				932A74511F7D5F6700B07A43 /* Debug */,
				932A74521F7D5F6700B07A43 /* Release */,
			);
			defaultConfigurationIsVisible = 0;
			defaultConfigurationName = Release;
		};
		932A74531F7D5F6700B07A43 /* Build configuration list for PBXNativeTarget "CalendarPicker" */ = {
			isa = XCConfigurationList;
			buildConfigurations = (
				932A74541F7D5F6700B07A43 /* Debug */,
				932A74551F7D5F6700B07A43 /* Release */,
			);
			defaultConfigurationIsVisible = 0;
		};
/* End XCConfigurationList section */
	};
	rootObject = 932A74391F7D5F6700B07A43 /* Project object */;
}
